
Microsoft Visual Studio Solution File, Format Version 12.00
# Visual Studio Version 17
VisualStudioVersion = 17.14.36203.30 d17.14
MinimumVisualStudioVersion = 10.0.40219.1
Project("{FAE04EC0-301F-11D3-BF4B-00C04F79EFBC}") = "RestauranteTania", "RestauranteTania.csproj", "{D3CB6C6C-7C09-40B7-A76C-B6CF8A2154A5}"
EndProject
Global
	GlobalSection(SolutionConfigurationPlatforms) = preSolution
		Debug|Any CPU = Debug|Any CPU
		Release|Any CPU = Release|Any CPU
	EndGlobalSection
	GlobalSection(ProjectConfigurationPlatforms) = postSolution
		{D3CB6C6C-7C09-40B7-A76C-B6CF8A2154A5}.Debug|Any CPU.ActiveCfg = Debug|Any CPU
		{D3CB6C6C-7C09-40B7-A76C-B6CF8A2154A5}.Debug|Any CPU.Build.0 = Debug|Any CPU
		{D3CB6C6C-7C09-40B7-A76C-B6CF8A2154A5}.Release|Any CPU.ActiveCfg = Release|Any CPU
		{D3CB6C6C-7C09-40B7-A76C-B6CF8A2154A5}.Release|Any CPU.Build.0 = Release|Any CPU
	EndGlobalSection
	GlobalSection(SolutionProperties) = preSolution
		HideSolutionNode = FALSE
	EndGlobalSection
	GlobalSection(ExtensibilityGlobals) = postSolution
		SolutionGuid = {C918F077-5FF8-4EAF-A8ED-75B2A36D063D}
	EndGlobalSection
EndGlobal
